<Solution>
  <Folder Name="/Solution Items/">
    <File Path="../build.settings.props" />
    <File Path="../readme-generation.props" />
  </Folder>
  <Folder Name="/src/">
    <Project Path="Study.LabWork1/Study.LabWork1.csproj" />
  </Folder>
  <Folder Name="/tests/">
    <Project Path="Study.LabWork1.UnitTests/Study.LabWork1.UnitTests.csproj" />
  </Folder>
  <Folder Name="/tests/Features/" />
  <Folder Name="/tests/Features/Task1/">
    <File Path="HSLtest.cs" />
  </Folder>
</Solution>
